
Microsoft Visual Studio Solution File, Format Version 12.00
# Visual Studio 14
VisualStudioVersion = 14.0.23107.0
MinimumVisualStudioVersion = 10.0.40219.1
Project("{FAE04EC0-301F-11D3-BF4B-00C04F79EFBC}") = "EventsSystem.WindowsFormsClient", "EventsSystem.WindowsFormsClient\EventsSystem.WindowsFormsClient.csproj", "{24644F2C-001B-4441-ABA2-FE7362E3698E}"
EndProject
Global
	GlobalSection(SolutionConfigurationPlatforms) = preSolution
		Debug|Any CPU = Debug|Any CPU
		Release|Any CPU = Release|Any CPU
	EndGlobalSection
	GlobalSection(ProjectConfigurationPlatforms) = postSolution
		{24644F2C-001B-4441-ABA2-FE7362E3698E}.Debug|Any CPU.ActiveCfg = Debug|Any CPU
		{24644F2C-001B-4441-ABA2-FE7362E3698E}.Debug|Any CPU.Build.0 = Debug|Any CPU
		{24644F2C-001B-4441-ABA2-FE7362E3698E}.Release|Any CPU.ActiveCfg = Release|Any CPU
		{24644F2C-001B-4441-ABA2-FE7362E3698E}.Release|Any CPU.Build.0 = Release|Any CPU
	EndGlobalSection
	GlobalSection(SolutionProperties) = preSolution
		HideSolutionNode = FALSE
	EndGlobalSection
EndGlobal
