
Microsoft Visual Studio Solution File, Format Version 12.00
# Visual Studio 14
VisualStudioVersion = 14.0.23107.0
MinimumVisualStudioVersion = 10.0.40219.1
Project("{2150E333-8FDC-42A3-9474-1A3956D46DE8}") = "EventsSystem.Data", "EventsSystem.Data", "{6FBAC033-912F-49A8-B169-292494F5C38B}"
EndProject
Project("{FAE04EC0-301F-11D3-BF4B-00C04F79EFBC}") = "EventsSystem.Common", "EventsSystem.Common\EventsSystem.Common.csproj", "{C1F0224C-DC57-443D-B13A-40578FC6878C}"
EndProject
Project("{FAE04EC0-301F-11D3-BF4B-00C04F79EFBC}") = "EventsSystem.Data.Models", "EventsSystem.Data\EventsSystem.Data.Models\EventsSystem.Data.Models.csproj", "{8D3B01D3-83DC-4DE5-BC0A-7AFCBB441CE9}"
EndProject
Project("{2150E333-8FDC-42A3-9474-1A3956D46DE8}") = "EventsSystem.Server", "EventsSystem.Server", "{B054EFA7-6FD0-4818-A5B1-5B2A1F51CD56}"
EndProject
Project("{FAE04EC0-301F-11D3-BF4B-00C04F79EFBC}") = "EventsSystem.Api", "EventsSystem.Server\EventsSystem.Api\EventsSystem.Api.csproj", "{153044BA-5937-49A2-B675-FCDF9F6AEE35}"
EndProject
Project("{FAE04EC0-301F-11D3-BF4B-00C04F79EFBC}") = "EventsSystem.Api.Tests", "EventsSystem.Api.Tests\EventsSystem.Api.Tests.csproj", "{EDAB194C-E434-4AAD-931F-77C8D405378C}"
EndProject
Project("{FAE04EC0-301F-11D3-BF4B-00C04F79EFBC}") = "EventsSystem.Data.Data", "EventsSystem.Data\EventsSystem.Data.Data\EventsSystem.Data.Data.csproj", "{221F05D5-46FA-4204-8D22-9AC06ACC320B}"
EndProject
Project("{FAE04EC0-301F-11D3-BF4B-00C04F79EFBC}") = "EventsSystem.WindowsFormsClient", "..\EventsSystem.WindowsFormsClient\EventsSystem.WindowsFormsClient\EventsSystem.WindowsFormsClient.csproj", "{24644F2C-001B-4441-ABA2-FE7362E3698E}"
EndProject
Project("{FAE04EC0-301F-11D3-BF4B-00C04F79EFBC}") = "EventsSystem.WebClient", "..\EventsSystem.WebClient\EventsSystem.WebClient\EventsSystem.WebClient.csproj", "{DAF99E75-DE42-4BDA-B2B4-FE107CA6D733}"
EndProject
Project("{FAE04EC0-301F-11D3-BF4B-00C04F79EFBC}") = "EventsSystem.Data.Dropbox", "Data\EventsSystem.Data.Dropbox\EventsSystem.Data.Dropbox.csproj", "{466EEDB5-A75B-4578-8154-71F1EC4DE379}"
EndProject
Project("{FAE04EC0-301F-11D3-BF4B-00C04F79EFBC}") = "EventssSystem.Dropbox.ConsoleClient", "EventssSystem.Dropbox.ConsoleClient\EventssSystem.Dropbox.ConsoleClient.csproj", "{B4099F1F-D220-4C05-8667-C93FB2ED0404}"
EndProject
Project("{2150E333-8FDC-42A3-9474-1A3956D46DE8}") = "EventsSystem.Tests", "EventsSystem.Tests", "{F29CBCEF-7392-4D97-8A06-ADB924BBAE53}"
EndProject
Project("{FAE04EC0-301F-11D3-BF4B-00C04F79EFBC}") = "EventsSystem.Services.Data.Tests", "EventsSystem.Tests\EventsSystem.Services.Data.Tests\EventsSystem.Services.Data.Tests.csproj", "{3C8B851D-53B2-4F98-A04F-986F8644185E}"
EndProject
Global
	GlobalSection(SolutionConfigurationPlatforms) = preSolution
		Debug|Any CPU = Debug|Any CPU
		Release|Any CPU = Release|Any CPU
	EndGlobalSection
	GlobalSection(ProjectConfigurationPlatforms) = postSolution
		{C1F0224C-DC57-443D-B13A-40578FC6878C}.Debug|Any CPU.ActiveCfg = Debug|Any CPU
		{C1F0224C-DC57-443D-B13A-40578FC6878C}.Debug|Any CPU.Build.0 = Debug|Any CPU
		{C1F0224C-DC57-443D-B13A-40578FC6878C}.Release|Any CPU.ActiveCfg = Release|Any CPU
		{C1F0224C-DC57-443D-B13A-40578FC6878C}.Release|Any CPU.Build.0 = Release|Any CPU
		{8D3B01D3-83DC-4DE5-BC0A-7AFCBB441CE9}.Debug|Any CPU.ActiveCfg = Debug|Any CPU
		{8D3B01D3-83DC-4DE5-BC0A-7AFCBB441CE9}.Debug|Any CPU.Build.0 = Debug|Any CPU
		{8D3B01D3-83DC-4DE5-BC0A-7AFCBB441CE9}.Release|Any CPU.ActiveCfg = Release|Any CPU
		{8D3B01D3-83DC-4DE5-BC0A-7AFCBB441CE9}.Release|Any CPU.Build.0 = Release|Any CPU
		{153044BA-5937-49A2-B675-FCDF9F6AEE35}.Debug|Any CPU.ActiveCfg = Debug|Any CPU
		{153044BA-5937-49A2-B675-FCDF9F6AEE35}.Debug|Any CPU.Build.0 = Debug|Any CPU
		{153044BA-5937-49A2-B675-FCDF9F6AEE35}.Release|Any CPU.ActiveCfg = Release|Any CPU
		{153044BA-5937-49A2-B675-FCDF9F6AEE35}.Release|Any CPU.Build.0 = Release|Any CPU
		{EDAB194C-E434-4AAD-931F-77C8D405378C}.Debug|Any CPU.ActiveCfg = Debug|Any CPU
		{EDAB194C-E434-4AAD-931F-77C8D405378C}.Debug|Any CPU.Build.0 = Debug|Any CPU
		{EDAB194C-E434-4AAD-931F-77C8D405378C}.Release|Any CPU.ActiveCfg = Release|Any CPU
		{EDAB194C-E434-4AAD-931F-77C8D405378C}.Release|Any CPU.Build.0 = Release|Any CPU
		{221F05D5-46FA-4204-8D22-9AC06ACC320B}.Debug|Any CPU.ActiveCfg = Debug|Any CPU
		{221F05D5-46FA-4204-8D22-9AC06ACC320B}.Debug|Any CPU.Build.0 = Debug|Any CPU
		{221F05D5-46FA-4204-8D22-9AC06ACC320B}.Release|Any CPU.ActiveCfg = Release|Any CPU
		{221F05D5-46FA-4204-8D22-9AC06ACC320B}.Release|Any CPU.Build.0 = Release|Any CPU
		{24644F2C-001B-4441-ABA2-FE7362E3698E}.Debug|Any CPU.ActiveCfg = Debug|Any CPU
		{24644F2C-001B-4441-ABA2-FE7362E3698E}.Debug|Any CPU.Build.0 = Debug|Any CPU
		{24644F2C-001B-4441-ABA2-FE7362E3698E}.Release|Any CPU.ActiveCfg = Release|Any CPU
		{24644F2C-001B-4441-ABA2-FE7362E3698E}.Release|Any CPU.Build.0 = Release|Any CPU
		{DAF99E75-DE42-4BDA-B2B4-FE107CA6D733}.Debug|Any CPU.ActiveCfg = Debug|Any CPU
		{DAF99E75-DE42-4BDA-B2B4-FE107CA6D733}.Debug|Any CPU.Build.0 = Debug|Any CPU
		{DAF99E75-DE42-4BDA-B2B4-FE107CA6D733}.Release|Any CPU.ActiveCfg = Release|Any CPU
		{DAF99E75-DE42-4BDA-B2B4-FE107CA6D733}.Release|Any CPU.Build.0 = Release|Any CPU
		{466EEDB5-A75B-4578-8154-71F1EC4DE379}.Debug|Any CPU.ActiveCfg = Debug|Any CPU
		{466EEDB5-A75B-4578-8154-71F1EC4DE379}.Debug|Any CPU.Build.0 = Debug|Any CPU
		{466EEDB5-A75B-4578-8154-71F1EC4DE379}.Release|Any CPU.ActiveCfg = Release|Any CPU
		{466EEDB5-A75B-4578-8154-71F1EC4DE379}.Release|Any CPU.Build.0 = Release|Any CPU
		{B4099F1F-D220-4C05-8667-C93FB2ED0404}.Debug|Any CPU.ActiveCfg = Debug|Any CPU
		{B4099F1F-D220-4C05-8667-C93FB2ED0404}.Debug|Any CPU.Build.0 = Debug|Any CPU
		{B4099F1F-D220-4C05-8667-C93FB2ED0404}.Release|Any CPU.ActiveCfg = Release|Any CPU
		{B4099F1F-D220-4C05-8667-C93FB2ED0404}.Release|Any CPU.Build.0 = Release|Any CPU
		{3C8B851D-53B2-4F98-A04F-986F8644185E}.Debug|Any CPU.ActiveCfg = Debug|Any CPU
		{3C8B851D-53B2-4F98-A04F-986F8644185E}.Debug|Any CPU.Build.0 = Debug|Any CPU
		{3C8B851D-53B2-4F98-A04F-986F8644185E}.Release|Any CPU.ActiveCfg = Release|Any CPU
		{3C8B851D-53B2-4F98-A04F-986F8644185E}.Release|Any CPU.Build.0 = Release|Any CPU
	EndGlobalSection
	GlobalSection(SolutionProperties) = preSolution
		HideSolutionNode = FALSE
	EndGlobalSection
	GlobalSection(NestedProjects) = preSolution
		{8D3B01D3-83DC-4DE5-BC0A-7AFCBB441CE9} = {6FBAC033-912F-49A8-B169-292494F5C38B}
		{153044BA-5937-49A2-B675-FCDF9F6AEE35} = {B054EFA7-6FD0-4818-A5B1-5B2A1F51CD56}
		{EDAB194C-E434-4AAD-931F-77C8D405378C} = {B054EFA7-6FD0-4818-A5B1-5B2A1F51CD56}
		{221F05D5-46FA-4204-8D22-9AC06ACC320B} = {6FBAC033-912F-49A8-B169-292494F5C38B}
		{466EEDB5-A75B-4578-8154-71F1EC4DE379} = {6FBAC033-912F-49A8-B169-292494F5C38B}
		{3C8B851D-53B2-4F98-A04F-986F8644185E} = {F29CBCEF-7392-4D97-8A06-ADB924BBAE53}
	EndGlobalSection
EndGlobal
